
Microsoft Visual Studio Solution File, Format Version 12.00
# Visual Studio Version 17
VisualStudioVersion = 17.8.34316.72
MinimumVisualStudioVersion = 10.0.40219.1
Project("{FAE04EC0-301F-11D3-BF4B-00C04F79EFBC}") = "ContaConsola", "ContaConsola.csproj", "{A73FE468-7D7B-4A73-9ADC-47931AA509C5}"
EndProject
Global
	GlobalSection(SolutionConfigurationPlatforms) = preSolution
		Debug|Any CPU = Debug|Any CPU
		Release|Any CPU = Release|Any CPU
	EndGlobalSection
	GlobalSection(ProjectConfigurationPlatforms) = postSolution
		{A73FE468-7D7B-4A73-9ADC-47931AA509C5}.Debug|Any CPU.ActiveCfg = Debug|Any CPU
		{A73FE468-7D7B-4A73-9ADC-47931AA509C5}.Debug|Any CPU.Build.0 = Debug|Any CPU
		{A73FE468-7D7B-4A73-9ADC-47931AA509C5}.Release|Any CPU.ActiveCfg = Release|Any CPU
		{A73FE468-7D7B-4A73-9ADC-47931AA509C5}.Release|Any CPU.Build.0 = Release|Any CPU
	EndGlobalSection
	GlobalSection(SolutionProperties) = preSolution
		HideSolutionNode = FALSE
	EndGlobalSection
	GlobalSection(ExtensibilityGlobals) = postSolution
		SolutionGuid = {C3C98B48-E1D5-45FD-A90F-FF74199270C0}
	EndGlobalSection
EndGlobal
